// !$*UTF8*$!
{
	archiveVersion = 1;
	classes = {
	};
	objectVersion = 77;
	objects = {

/* Begin PBXBuildFile section */
		760E54742F09B47D0050F96A /* FirebaseAnalytics in Frameworks */ = {isa = PBXBuildFile; productRef = 760E54732F09B47D0050F96A /* FirebaseAnalytics */; };
		760E54762F09B47D0050F96A /* FirebaseAnalyticsCore in Frameworks */ = {isa = PBXBuildFile; productRef = 760E54752F09B47D0050F96A /* FirebaseAnalyticsCore */; };
		760E54782F09B47D0050F96A /* FirebaseAnalyticsIdentitySupport in Frameworks */ = {isa = PBXBuildFile; productRef = 760E54772F09B47D0050F96A /* FirebaseAnalyticsIdentitySupport */; };
		760E547A2F09B47D0050F96A /* FirebaseAuth in Frameworks */ = {isa = PBXBuildFile; productRef = 760E54792F09B47D0050F96A /* FirebaseAuth */; };
		760E547C2F09B47D0050F96A /* FirebaseAuthCombine-Community in Frameworks */ = {isa = PBXBuildFile; productRef = 760E547B2F09B47D0050F96A /* FirebaseAuthCombine-Community */; };
		760E547E2F09B47D0050F96A /* FirebaseDatabase in Frameworks */ = {isa = PBXBuildFile; productRef = 760E547D2F09B47D0050F96A /* FirebaseDatabase */; };
		760E54802F09B47D0050F96A /* FirebaseFirestore in Frameworks */ = {isa = PBXBuildFile; productRef = 760E547F2F09B47D0050F96A /* FirebaseFirestore */; };
		760E54822F09B47D0050F96A /* FirebaseFirestoreCombine-Community in Frameworks */ = {isa = PBXBuildFile; productRef = 760E54812F09B47D0050F96A /* FirebaseFirestoreCombine-Community */; };
		760E54842F09B47D0050F96A /* FirebaseFunctions in Frameworks */ = {isa = PBXBuildFile; productRef = 760E54832F09B47D0050F96A /* FirebaseFunctions */; };
		760E54862F09B47D0050F96A /* FirebaseFunctionsCombine-Community in Frameworks */ = {isa = PBXBuildFile; productRef = 760E54852F09B47D0050F96A /* FirebaseFunctionsCombine-Community */; };
		760E54882F09B47D0050F96A /* FirebaseStorage in Frameworks */ = {isa = PBXBuildFile; productRef = 760E54872F09B47D0050F96A /* FirebaseStorage */; };
		760E548A2F09B47D0050F96A /* FirebaseStorageCombine-Community in Frameworks */ = {isa = PBXBuildFile; productRef = 760E54892F09B47D0050F96A /* FirebaseStorageCombine-Community */; };
		760E548D2F0AC4B10050F96A /* GRDB in Frameworks */ = {isa = PBXBuildFile; productRef = 760E548C2F0AC4B10050F96A /* GRDB */; };
		760E54922F0AC5430050F96A /* ULID in Frameworks */ = {isa = PBXBuildFile; productRef = 760E54912F0AC5430050F96A /* ULID */; };
/* End PBXBuildFile section */

/* Begin PBXContainerItemProxy section */
		760E54412F0891430050F96A /* PBXContainerItemProxy */ = {
			isa = PBXContainerItemProxy;
			containerPortal = 760E542B2F0891410050F96A /* Project object */;
			proxyType = 1;
			remoteGlobalIDString = 760E54322F0891410050F96A;
			remoteInfo = RoutineChart;
		};
		760E544B2F0891430050F96A /* PBXContainerItemProxy */ = {
			isa = PBXContainerItemProxy;
			containerPortal = 760E542B2F0891410050F96A /* Project object */;
			proxyType = 1;
			remoteGlobalIDString = 760E54322F0891410050F96A;
			remoteInfo = RoutineChart;
		};
/* End PBXContainerItemProxy section */

/* Begin PBXFileReference section */
		760E54332F0891410050F96A /* RoutineChart.app */ = {isa = PBXFileReference; explicitFileType = wrapper.application; includeInIndex = 0; path = RoutineChart.app; sourceTree = BUILT_PRODUCTS_DIR; };
		760E54402F0891430050F96A /* RoutineChartTests.xctest */ = {isa = PBXFileReference; explicitFileType = wrapper.cfbundle; includeInIndex = 0; path = RoutineChartTests.xctest; sourceTree = BUILT_PRODUCTS_DIR; };
		760E544A2F0891430050F96A /* RoutineChartUITests.xctest */ = {isa = PBXFileReference; explicitFileType = wrapper.cfbundle; includeInIndex = 0; path = RoutineChartUITests.xctest; sourceTree = BUILT_PRODUCTS_DIR; };
/* End PBXFileReference section */

/* Begin PBXFileSystemSynchronizedRootGroup section */
		760E54352F0891410050F96A /* RoutineChart */ = {
			isa = PBXFileSystemSynchronizedRootGroup;
			path = RoutineChart;
			sourceTree = "<group>";
		};
		760E54432F0891430050F96A /* RoutineChartTests */ = {
			isa = PBXFileSystemSynchronizedRootGroup;
			path = RoutineChartTests;
			sourceTree = "<group>";
		};
		760E544D2F0891430050F96A /* RoutineChartUITests */ = {
			isa = PBXFileSystemSynchronizedRootGroup;
			path = RoutineChartUITests;
			sourceTree = "<group>";
		};
/* End PBXFileSystemSynchronizedRootGroup section */

/* Begin PBXFrameworksBuildPhase section */
		760E54302F0891410050F96A /* Frameworks */ = {
			isa = PBXFrameworksBuildPhase;
			buildActionMask = 2147483647;
			files = (
				760E547A2F09B47D0050F96A /* FirebaseAuth in Frameworks */,
				760E54782F09B47D0050F96A /* FirebaseAnalyticsIdentitySupport in Frameworks */,
				760E54822F09B47D0050F96A /* FirebaseFirestoreCombine-Community in Frameworks */,
				760E54742F09B47D0050F96A /* FirebaseAnalytics in Frameworks */,
				760E54802F09B47D0050F96A /* FirebaseFirestore in Frameworks */,
				760E548D2F0AC4B10050F96A /* GRDB in Frameworks */,
				760E547C2F09B47D0050F96A /* FirebaseAuthCombine-Community in Frameworks */,
				760E548A2F09B47D0050F96A /* FirebaseStorageCombine-Community in Frameworks */,
				760E54882F09B47D0050F96A /* FirebaseStorage in Frameworks */,
				760E547E2F09B47D0050F96A /* FirebaseDatabase in Frameworks */,
				760E54922F0AC5430050F96A /* ULID in Frameworks */,
				760E54842F09B47D0050F96A /* FirebaseFunctions in Frameworks */,
				760E54762F09B47D0050F96A /* FirebaseAnalyticsCore in Frameworks */,
				760E54862F09B47D0050F96A /* FirebaseFunctionsCombine-Community in Frameworks */,
			);
			runOnlyForDeploymentPostprocessing = 0;
		};
		760E543D2F0891430050F96A /* Frameworks */ = {
			isa = PBXFrameworksBuildPhase;
			buildActionMask = 2147483647;
			files = (
			);
			runOnlyForDeploymentPostprocessing = 0;
		};
		760E54472F0891430050F96A /* Frameworks */ = {
			isa = PBXFrameworksBuildPhase;
			buildActionMask = 2147483647;
			files = (
			);
			runOnlyForDeploymentPostprocessing = 0;
		};
/* End PBXFrameworksBuildPhase section */

/* Begin PBXGroup section */
		760E542A2F0891410050F96A = {
			isa = PBXGroup;
			children = (
				760E54352F0891410050F96A /* RoutineChart */,
				760E54432F0891430050F96A /* RoutineChartTests */,
				760E544D2F0891430050F96A /* RoutineChartUITests */,
				760E54342F0891410050F96A /* Products */,
			);
			sourceTree = "<group>";
		};
		760E54342F0891410050F96A /* Products */ = {
			isa = PBXGroup;
			children = (
				760E54332F0891410050F96A /* RoutineChart.app */,
				760E54402F0891430050F96A /* RoutineChartTests.xctest */,
				760E544A2F0891430050F96A /* RoutineChartUITests.xctest */,
			);
			name = Products;
			sourceTree = "<group>";
		};
/* End PBXGroup section */

/* Begin PBXNativeTarget section */
		760E54322F0891410050F96A /* RoutineChart */ = {
			isa = PBXNativeTarget;
			buildConfigurationList = 760E54542F0891430050F96A /* Build configuration list for PBXNativeTarget "RoutineChart" */;
			buildPhases = (
				760E542F2F0891410050F96A /* Sources */,
				760E54302F0891410050F96A /* Frameworks */,
				760E54312F0891410050F96A /* Resources */,
			);
			buildRules = (
			);
			dependencies = (
			);
			fileSystemSynchronizedGroups = (
				760E54352F0891410050F96A /* RoutineChart */,
			);
			name = RoutineChart;
			packageProductDependencies = (
				760E54732F09B47D0050F96A /* FirebaseAnalytics */,
				760E54752F09B47D0050F96A /* FirebaseAnalyticsCore */,
				760E54772F09B47D0050F96A /* FirebaseAnalyticsIdentitySupport */,
				760E54792F09B47D0050F96A /* FirebaseAuth */,
				760E547B2F09B47D0050F96A /* FirebaseAuthCombine-Community */,
				760E547D2F09B47D0050F96A /* FirebaseDatabase */,
				760E547F2F09B47D0050F96A /* FirebaseFirestore */,
				760E54812F09B47D0050F96A /* FirebaseFirestoreCombine-Community */,
				760E54832F09B47D0050F96A /* FirebaseFunctions */,
				760E54852F09B47D0050F96A /* FirebaseFunctionsCombine-Community */,
				760E54872F09B47D0050F96A /* FirebaseStorage */,
				760E54892F09B47D0050F96A /* FirebaseStorageCombine-Community */,
				760E548C2F0AC4B10050F96A /* GRDB */,
				760E54912F0AC5430050F96A /* ULID */,
			);
			productName = RoutineChart;
			productReference = 760E54332F0891410050F96A /* RoutineChart.app */;
			productType = "com.apple.product-type.application";
		};
		760E543F2F0891430050F96A /* RoutineChartTests */ = {
			isa = PBXNativeTarget;
			buildConfigurationList = 760E54572F0891430050F96A /* Build configuration list for PBXNativeTarget "RoutineChartTests" */;
			buildPhases = (
				760E543C2F0891430050F96A /* Sources */,
				760E543D2F0891430050F96A /* Frameworks */,
				760E543E2F0891430050F96A /* Resources */,
			);
			buildRules = (
			);
			dependencies = (
				760E54422F0891430050F96A /* PBXTargetDependency */,
			);
			fileSystemSynchronizedGroups = (
				760E54432F0891430050F96A /* RoutineChartTests */,
			);
			name = RoutineChartTests;
			packageProductDependencies = (
			);
			productName = RoutineChartTests;
			productReference = 760E54402F0891430050F96A /* RoutineChartTests.xctest */;
			productType = "com.apple.product-type.bundle.unit-test";
		};
		760E54492F0891430050F96A /* RoutineChartUITests */ = {
			isa = PBXNativeTarget;
			buildConfigurationList = 760E545A2F0891430050F96A /* Build configuration list for PBXNativeTarget "RoutineChartUITests" */;
			buildPhases = (
				760E54462F0891430050F96A /* Sources */,
				760E54472F0891430050F96A /* Frameworks */,
				760E54482F0891430050F96A /* Resources */,
			);
			buildRules = (
			);
			dependencies = (
				760E544C2F0891430050F96A /* PBXTargetDependency */,
			);
			fileSystemSynchronizedGroups = (
				760E544D2F0891430050F96A /* RoutineChartUITests */,
			);
			name = RoutineChartUITests;
			packageProductDependencies = (
			);
			productName = RoutineChartUITests;
			productReference = 760E544A2F0891430050F96A /* RoutineChartUITests.xctest */;
			productType = "com.apple.product-type.bundle.ui-testing";
		};
/* End PBXNativeTarget section */

/* Begin PBXProject section */
		760E542B2F0891410050F96A /* Project object */ = {
			isa = PBXProject;
			attributes = {
				BuildIndependentTargetsInParallel = 1;
				LastSwiftUpdateCheck = 2620;
				LastUpgradeCheck = 2620;
				TargetAttributes = {
					760E54322F0891410050F96A = {
						CreatedOnToolsVersion = 26.2;
					};
					760E543F2F0891430050F96A = {
						CreatedOnToolsVersion = 26.2;
						TestTargetID = 760E54322F0891410050F96A;
					};
					760E54492F0891430050F96A = {
						CreatedOnToolsVersion = 26.2;
						TestTargetID = 760E54322F0891410050F96A;
					};
				};
			};
			buildConfigurationList = 760E542E2F0891410050F96A /* Build configuration list for PBXProject "RoutineChart" */;
			developmentRegion = en;
			hasScannedForEncodings = 0;
			knownRegions = (
				en,
				Base,
			);
			mainGroup = 760E542A2F0891410050F96A;
			minimizedProjectReferenceProxies = 1;
			packageReferences = (
				760E54722F09B47D0050F96A /* XCRemoteSwiftPackageReference "firebase-ios-sdk" */,
				760E548B2F0AC4B10050F96A /* XCRemoteSwiftPackageReference "GRDB" */,
				760E54902F0AC5430050F96A /* XCRemoteSwiftPackageReference "ULID" */,
			);
			preferredProjectObjectVersion = 77;
			productRefGroup = 760E54342F0891410050F96A /* Products */;
			projectDirPath = "";
			projectRoot = "";
			targets = (
				760E54322F0891410050F96A /* RoutineChart */,
				760E543F2F0891430050F96A /* RoutineChartTests */,
				760E54492F0891430050F96A /* RoutineChartUITests */,
			);
		};
/* End PBXProject section */

/* Begin PBXResourcesBuildPhase section */
		760E54312F0891410050F96A /* Resources */ = {
			isa = PBXResourcesBuildPhase;
			buildActionMask = 2147483647;
			files = (
			);
			runOnlyForDeploymentPostprocessing = 0;
		};
		760E543E2F0891430050F96A /* Resources */ = {
			isa = PBXResourcesBuildPhase;
			buildActionMask = 2147483647;
			files = (
			);
			runOnlyForDeploymentPostprocessing = 0;
		};
		760E54482F0891430050F96A /* Resources */ = {
			isa = PBXResourcesBuildPhase;
			buildActionMask = 2147483647;
			files = (
			);
			runOnlyForDeploymentPostprocessing = 0;
		};
/* End PBXResourcesBuildPhase section */

/* Begin PBXSourcesBuildPhase section */
		760E542F2F0891410050F96A /* Sources */ = {
			isa = PBXSourcesBuildPhase;
			buildActionMask = 2147483647;
			files = (
			);
			runOnlyForDeploymentPostprocessing = 0;
		};
		760E543C2F0891430050F96A /* Sources */ = {
			isa = PBXSourcesBuildPhase;
			buildActionMask = 2147483647;
			files = (
			);
			runOnlyForDeploymentPostprocessing = 0;
		};
		760E54462F0891430050F96A /* Sources */ = {
			isa = PBXSourcesBuildPhase;
			buildActionMask = 2147483647;
			files = (
			);
			runOnlyForDeploymentPostprocessing = 0;
		};
/* End PBXSourcesBuildPhase section */

/* Begin PBXTargetDependency section */
		760E54422F0891430050F96A /* PBXTargetDependency */ = {
			isa = PBXTargetDependency;
			target = 760E54322F0891410050F96A /* RoutineChart */;
			targetProxy = 760E54412F0891430050F96A /* PBXContainerItemProxy */;
		};
		760E544C2F0891430050F96A /* PBXTargetDependency */ = {
			isa = PBXTargetDependency;
			target = 760E54322F0891410050F96A /* RoutineChart */;
			targetProxy = 760E544B2F0891430050F96A /* PBXContainerItemProxy */;
		};
/* End PBXTargetDependency section */

/* Begin XCBuildConfiguration section */
		760E54522F0891430050F96A /* Debug */ = {
			isa = XCBuildConfiguration;
			buildSettings = {
				ALWAYS_SEARCH_USER_PATHS = NO;
				ASSETCATALOG_COMPILER_GENERATE_SWIFT_ASSET_SYMBOL_EXTENSIONS = YES;
				CLANG_ANALYZER_NONNULL = YES;
				CLANG_ANALYZER_NUMBER_OBJECT_CONVERSION = YES_AGGRESSIVE;
				CLANG_CXX_LANGUAGE_STANDARD = "gnu++20";
				CLANG_ENABLE_MODULES = YES;
				CLANG_ENABLE_OBJC_ARC = YES;
				CLANG_ENABLE_OBJC_WEAK = YES;
				CLANG_WARN_BLOCK_CAPTURE_AUTORELEASING = YES;
				CLANG_WARN_BOOL_CONVERSION = YES;
				CLANG_WARN_COMMA = YES;
				CLANG_WARN_CONSTANT_CONVERSION = YES;
				CLANG_WARN_DEPRECATED_OBJC_IMPLEMENTATIONS = YES;
				CLANG_WARN_DIRECT_OBJC_ISA_USAGE = YES_ERROR;
				CLANG_WARN_DOCUMENTATION_COMMENTS = YES;
				CLANG_WARN_EMPTY_BODY = YES;
				CLANG_WARN_ENUM_CONVERSION = YES;
				CLANG_WARN_INFINITE_RECURSION = YES;
				CLANG_WARN_INT_CONVERSION = YES;
				CLANG_WARN_NON_LITERAL_NULL_CONVERSION = YES;
				CLANG_WARN_OBJC_IMPLICIT_RETAIN_SELF = YES;
				CLANG_WARN_OBJC_LITERAL_CONVERSION = YES;
				CLANG_WARN_OBJC_ROOT_CLASS = YES_ERROR;
				CLANG_WARN_QUOTED_INCLUDE_IN_FRAMEWORK_HEADER = YES;
				CLANG_WARN_RANGE_LOOP_ANALYSIS = YES;
				CLANG_WARN_STRICT_PROTOTYPES = YES;
				CLANG_WARN_SUSPICIOUS_MOVE = YES;
				CLANG_WARN_UNGUARDED_AVAILABILITY = YES_AGGRESSIVE;
				CLANG_WARN_UNREACHABLE_CODE = YES;
				CLANG_WARN__DUPLICATE_METHOD_MATCH = YES;
				COPY_PHASE_STRIP = NO;
				DEBUG_INFORMATION_FORMAT = dwarf;
				DEVELOPMENT_TEAM = U9W4ZMF92S;
				ENABLE_STRICT_OBJC_MSGSEND = YES;
				ENABLE_TESTABILITY = YES;
				ENABLE_USER_SCRIPT_SANDBOXING = YES;
				GCC_C_LANGUAGE_STANDARD = gnu17;
				GCC_DYNAMIC_NO_PIC = NO;
				GCC_NO_COMMON_BLOCKS = YES;
				GCC_OPTIMIZATION_LEVEL = 0;
				GCC_PREPROCESSOR_DEFINITIONS = (
					"DEBUG=1",
					"$(inherited)",
				);
				GCC_WARN_64_TO_32_BIT_CONVERSION = YES;
				GCC_WARN_ABOUT_RETURN_TYPE = YES_ERROR;
				GCC_WARN_UNDECLARED_SELECTOR = YES;
				GCC_WARN_UNINITIALIZED_AUTOS = YES_AGGRESSIVE;
				GCC_WARN_UNUSED_FUNCTION = YES;
				GCC_WARN_UNUSED_VARIABLE = YES;
				IPHONEOS_DEPLOYMENT_TARGET = 26.2;
				LOCALIZATION_PREFERS_STRING_CATALOGS = YES;
				MTL_ENABLE_DEBUG_INFO = INCLUDE_SOURCE;
				MTL_FAST_MATH = YES;
				ONLY_ACTIVE_ARCH = YES;
				SDKROOT = iphoneos;
				SWIFT_ACTIVE_COMPILATION_CONDITIONS = "DEBUG $(inherited)";
				SWIFT_OPTIMIZATION_LEVEL = "-Onone";
			};
			name = Debug;
		};
		760E54532F0891430050F96A /* Release */ = {
			isa = XCBuildConfiguration;
			buildSettings = {
				ALWAYS_SEARCH_USER_PATHS = NO;
				ASSETCATALOG_COMPILER_GENERATE_SWIFT_ASSET_SYMBOL_EXTENSIONS = YES;
				CLANG_ANALYZER_NONNULL = YES;
				CLANG_ANALYZER_NUMBER_OBJECT_CONVERSION = YES_AGGRESSIVE;
				CLANG_CXX_LANGUAGE_STANDARD = "gnu++20";
				CLANG_ENABLE_MODULES = YES;
				CLANG_ENABLE_OBJC_ARC = YES;
				CLANG_ENABLE_OBJC_WEAK = YES;
				CLANG_WARN_BLOCK_CAPTURE_AUTORELEASING = YES;
				CLANG_WARN_BOOL_CONVERSION = YES;
				CLANG_WARN_COMMA = YES;
				CLANG_WARN_CONSTANT_CONVERSION = YES;
				CLANG_WARN_DEPRECATED_OBJC_IMPLEMENTATIONS = YES;
				CLANG_WARN_DIRECT_OBJC_ISA_USAGE = YES_ERROR;
				CLANG_WARN_DOCUMENTATION_COMMENTS = YES;
				CLANG_WARN_EMPTY_BODY = YES;
				CLANG_WARN_ENUM_CONVERSION = YES;
				CLANG_WARN_INFINITE_RECURSION = YES;
				CLANG_WARN_INT_CONVERSION = YES;
				CLANG_WARN_NON_LITERAL_NULL_CONVERSION = YES;
				CLANG_WARN_OBJC_IMPLICIT_RETAIN_SELF = YES;
				CLANG_WARN_OBJC_LITERAL_CONVERSION = YES;
				CLANG_WARN_OBJC_ROOT_CLASS = YES_ERROR;
				CLANG_WARN_QUOTED_INCLUDE_IN_FRAMEWORK_HEADER = YES;
				CLANG_WARN_RANGE_LOOP_ANALYSIS = YES;
				CLANG_WARN_STRICT_PROTOTYPES = YES;
				CLANG_WARN_SUSPICIOUS_MOVE = YES;
				CLANG_WARN_UNGUARDED_AVAILABILITY = YES_AGGRESSIVE;
				CLANG_WARN_UNREACHABLE_CODE = YES;
				CLANG_WARN__DUPLICATE_METHOD_MATCH = YES;
				COPY_PHASE_STRIP = NO;
				DEBUG_INFORMATION_FORMAT = "dwarf-with-dsym";
				DEVELOPMENT_TEAM = U9W4ZMF92S;
				ENABLE_NS_ASSERTIONS = NO;
				ENABLE_STRICT_OBJC_MSGSEND = YES;
				ENABLE_USER_SCRIPT_SANDBOXING = YES;
				GCC_C_LANGUAGE_STANDARD = gnu17;
				GCC_NO_COMMON_BLOCKS = YES;
				GCC_WARN_64_TO_32_BIT_CONVERSION = YES;
				GCC_WARN_ABOUT_RETURN_TYPE = YES_ERROR;
				GCC_WARN_UNDECLARED_SELECTOR = YES;
				GCC_WARN_UNINITIALIZED_AUTOS = YES_AGGRESSIVE;
				GCC_WARN_UNUSED_FUNCTION = YES;
				GCC_WARN_UNUSED_VARIABLE = YES;
				IPHONEOS_DEPLOYMENT_TARGET = 26.2;
				LOCALIZATION_PREFERS_STRING_CATALOGS = YES;
				MTL_ENABLE_DEBUG_INFO = NO;
				MTL_FAST_MATH = YES;
				SDKROOT = iphoneos;
				SWIFT_COMPILATION_MODE = wholemodule;
				VALIDATE_PRODUCT = YES;
			};
			name = Release;
		};
		760E54552F0891430050F96A /* Debug */ = {
			isa = XCBuildConfiguration;
			buildSettings = {
				ASSETCATALOG_COMPILER_APPICON_NAME = AppIcon;
				ASSETCATALOG_COMPILER_GLOBAL_ACCENT_COLOR_NAME = AccentColor;
				CODE_SIGN_STYLE = Automatic;
				CURRENT_PROJECT_VERSION = 1;
				DEVELOPMENT_TEAM = ZGH4D6QBA8;
				ENABLE_PREVIEWS = YES;
				GENERATE_INFOPLIST_FILE = YES;
				INFOPLIST_KEY_UIApplicationSceneManifest_Generation = YES;
				INFOPLIST_KEY_UIApplicationSupportsIndirectInputEvents = YES;
				INFOPLIST_KEY_UILaunchScreen_Generation = YES;
				INFOPLIST_KEY_UISupportedInterfaceOrientations_iPad = "UIInterfaceOrientationPortrait UIInterfaceOrientationPortraitUpsideDown UIInterfaceOrientationLandscapeLeft UIInterfaceOrientationLandscapeRight";
				INFOPLIST_KEY_UISupportedInterfaceOrientations_iPhone = "UIInterfaceOrientationPortrait UIInterfaceOrientationLandscapeLeft UIInterfaceOrientationLandscapeRight";
				IPHONEOS_DEPLOYMENT_TARGET = 18.6;
				LD_RUNPATH_SEARCH_PATHS = (
					"$(inherited)",
					"@executable_path/Frameworks",
				);
				MARKETING_VERSION = 1.0;
				PRODUCT_BUNDLE_IDENTIFIER = com.HammersTech.RoutineChart;
				PRODUCT_NAME = "$(TARGET_NAME)";
				STRING_CATALOG_GENERATE_SYMBOLS = YES;
				SWIFT_APPROACHABLE_CONCURRENCY = YES;
				SWIFT_DEFAULT_ACTOR_ISOLATION = MainActor;
				SWIFT_EMIT_LOC_STRINGS = YES;
				SWIFT_UPCOMING_FEATURE_MEMBER_IMPORT_VISIBILITY = YES;
				SWIFT_VERSION = 5.0;
				TARGETED_DEVICE_FAMILY = "1,2";
			};
			name = Debug;
		};
		760E54562F0891430050F96A /* Release */ = {
			isa = XCBuildConfiguration;
			buildSettings = {
				ASSETCATALOG_COMPILER_APPICON_NAME = AppIcon;
				ASSETCATALOG_COMPILER_GLOBAL_ACCENT_COLOR_NAME = AccentColor;
				CODE_SIGN_STYLE = Automatic;
				CURRENT_PROJECT_VERSION = 1;
				DEVELOPMENT_TEAM = ZGH4D6QBA8;
				ENABLE_PREVIEWS = YES;
				GENERATE_INFOPLIST_FILE = YES;
				INFOPLIST_KEY_UIApplicationSceneManifest_Generation = YES;
				INFOPLIST_KEY_UIApplicationSupportsIndirectInputEvents = YES;
				INFOPLIST_KEY_UILaunchScreen_Generation = YES;
				INFOPLIST_KEY_UISupportedInterfaceOrientations_iPad = "UIInterfaceOrientationPortrait UIInterfaceOrientationPortraitUpsideDown UIInterfaceOrientationLandscapeLeft UIInterfaceOrientationLandscapeRight";
				INFOPLIST_KEY_UISupportedInterfaceOrientations_iPhone = "UIInterfaceOrientationPortrait UIInterfaceOrientationLandscapeLeft UIInterfaceOrientationLandscapeRight";
				IPHONEOS_DEPLOYMENT_TARGET = 18.6;
				LD_RUNPATH_SEARCH_PATHS = (
					"$(inherited)",
					"@executable_path/Frameworks",
				);
				MARKETING_VERSION = 1.0;
				PRODUCT_BUNDLE_IDENTIFIER = com.HammersTech.RoutineChart;
				PRODUCT_NAME = "$(TARGET_NAME)";
				STRING_CATALOG_GENERATE_SYMBOLS = YES;
				SWIFT_APPROACHABLE_CONCURRENCY = YES;
				SWIFT_DEFAULT_ACTOR_ISOLATION = MainActor;
				SWIFT_EMIT_LOC_STRINGS = YES;
				SWIFT_UPCOMING_FEATURE_MEMBER_IMPORT_VISIBILITY = YES;
				SWIFT_VERSION = 5.0;
				TARGETED_DEVICE_FAMILY = "1,2";
			};
			name = Release;
		};
		760E54582F0891430050F96A /* Debug */ = {
			isa = XCBuildConfiguration;
			buildSettings = {
				BUNDLE_LOADER = "$(TEST_HOST)";
				CODE_SIGN_STYLE = Automatic;
				CURRENT_PROJECT_VERSION = 1;
				DEVELOPMENT_TEAM = U9W4ZMF92S;
				GENERATE_INFOPLIST_FILE = YES;
				IPHONEOS_DEPLOYMENT_TARGET = 26.2;
				MARKETING_VERSION = 1.0;
				PRODUCT_BUNDLE_IDENTIFIER = com.HammersTech.RoutineChartTests;
				PRODUCT_NAME = "$(TARGET_NAME)";
				STRING_CATALOG_GENERATE_SYMBOLS = NO;
				SWIFT_APPROACHABLE_CONCURRENCY = YES;
				SWIFT_EMIT_LOC_STRINGS = NO;
				SWIFT_UPCOMING_FEATURE_MEMBER_IMPORT_VISIBILITY = YES;
				SWIFT_VERSION = 5.0;
				TARGETED_DEVICE_FAMILY = "1,2";
				TEST_HOST = "$(BUILT_PRODUCTS_DIR)/RoutineChart.app/$(BUNDLE_EXECUTABLE_FOLDER_PATH)/RoutineChart";
			};
			name = Debug;
		};
		760E54592F0891430050F96A /* Release */ = {
			isa = XCBuildConfiguration;
			buildSettings = {
				BUNDLE_LOADER = "$(TEST_HOST)";
				CODE_SIGN_STYLE = Automatic;
				CURRENT_PROJECT_VERSION = 1;
				DEVELOPMENT_TEAM = U9W4ZMF92S;
				GENERATE_INFOPLIST_FILE = YES;
				IPHONEOS_DEPLOYMENT_TARGET = 26.2;
				MARKETING_VERSION = 1.0;
				PRODUCT_BUNDLE_IDENTIFIER = com.HammersTech.RoutineChartTests;
				PRODUCT_NAME = "$(TARGET_NAME)";
				STRING_CATALOG_GENERATE_SYMBOLS = NO;
				SWIFT_APPROACHABLE_CONCURRENCY = YES;
				SWIFT_EMIT_LOC_STRINGS = NO;
				SWIFT_UPCOMING_FEATURE_MEMBER_IMPORT_VISIBILITY = YES;
				SWIFT_VERSION = 5.0;
				TARGETED_DEVICE_FAMILY = "1,2";
				TEST_HOST = "$(BUILT_PRODUCTS_DIR)/RoutineChart.app/$(BUNDLE_EXECUTABLE_FOLDER_PATH)/RoutineChart";
			};
			name = Release;
		};
		760E545B2F0891430050F96A /* Debug */ = {
			isa = XCBuildConfiguration;
			buildSettings = {
				CODE_SIGN_STYLE = Automatic;
				CURRENT_PROJECT_VERSION = 1;
				DEVELOPMENT_TEAM = U9W4ZMF92S;
				GENERATE_INFOPLIST_FILE = YES;
				MARKETING_VERSION = 1.0;
				PRODUCT_BUNDLE_IDENTIFIER = com.HammersTech.RoutineChartUITests;
				PRODUCT_NAME = "$(TARGET_NAME)";
				STRING_CATALOG_GENERATE_SYMBOLS = NO;
				SWIFT_APPROACHABLE_CONCURRENCY = YES;
				SWIFT_EMIT_LOC_STRINGS = NO;
				SWIFT_UPCOMING_FEATURE_MEMBER_IMPORT_VISIBILITY = YES;
				SWIFT_VERSION = 5.0;
				TARGETED_DEVICE_FAMILY = "1,2";
				TEST_TARGET_NAME = RoutineChart;
			};
			name = Debug;
		};
		760E545C2F0891430050F96A /* Release */ = {
			isa = XCBuildConfiguration;
			buildSettings = {
				CODE_SIGN_STYLE = Automatic;
				CURRENT_PROJECT_VERSION = 1;
				DEVELOPMENT_TEAM = U9W4ZMF92S;
				GENERATE_INFOPLIST_FILE = YES;
				MARKETING_VERSION = 1.0;
				PRODUCT_BUNDLE_IDENTIFIER = com.HammersTech.RoutineChartUITests;
				PRODUCT_NAME = "$(TARGET_NAME)";
				STRING_CATALOG_GENERATE_SYMBOLS = NO;
				SWIFT_APPROACHABLE_CONCURRENCY = YES;
				SWIFT_EMIT_LOC_STRINGS = NO;
				SWIFT_UPCOMING_FEATURE_MEMBER_IMPORT_VISIBILITY = YES;
				SWIFT_VERSION = 5.0;
				TARGETED_DEVICE_FAMILY = "1,2";
				TEST_TARGET_NAME = RoutineChart;
			};
			name = Release;
		};
/* End XCBuildConfiguration section */

/* Begin XCConfigurationList section */
		760E542E2F0891410050F96A /* Build configuration list for PBXProject "RoutineChart" */ = {
			isa = XCConfigurationList;
			buildConfigurations = (
				760E54522F0891430050F96A /* Debug */,
				760E54532F0891430050F96A /* Release */,
			);
			defaultConfigurationIsVisible = 0;
			defaultConfigurationName = Release;
		};
		760E54542F0891430050F96A /* Build configuration list for PBXNativeTarget "RoutineChart" */ = {
			isa = XCConfigurationList;
			buildConfigurations = (
				760E54552F0891430050F96A /* Debug */,
				760E54562F0891430050F96A /* Release */,
			);
			defaultConfigurationIsVisible = 0;
			defaultConfigurationName = Release;
		};
		760E54572F0891430050F96A /* Build configuration list for PBXNativeTarget "RoutineChartTests" */ = {
			isa = XCConfigurationList;
			buildConfigurations = (
				760E54582F0891430050F96A /* Debug */,
				760E54592F0891430050F96A /* Release */,
			);
			defaultConfigurationIsVisible = 0;
			defaultConfigurationName = Release;
		};
		760E545A2F0891430050F96A /* Build configuration list for PBXNativeTarget "RoutineChartUITests" */ = {
			isa = XCConfigurationList;
			buildConfigurations = (
				760E545B2F0891430050F96A /* Debug */,
				760E545C2F0891430050F96A /* Release */,
			);
			defaultConfigurationIsVisible = 0;
			defaultConfigurationName = Release;
		};
/* End XCConfigurationList section */

/* Begin XCRemoteSwiftPackageReference section */
		760E54722F09B47D0050F96A /* XCRemoteSwiftPackageReference "firebase-ios-sdk" */ = {
			isa = XCRemoteSwiftPackageReference;
			repositoryURL = "https://github.com/firebase/firebase-ios-sdk";
			requirement = {
				kind = upToNextMajorVersion;
				minimumVersion = 11.0.0;
			};
		};
		760E548B2F0AC4B10050F96A /* XCRemoteSwiftPackageReference "GRDB" */ = {
			isa = XCRemoteSwiftPackageReference;
			repositoryURL = "https://github.com/groue/GRDB.swift";
			requirement = {
				kind = upToNextMajorVersion;
				minimumVersion = 7.0.0;
			};
		};
		760E54902F0AC5430050F96A /* XCRemoteSwiftPackageReference "ULID" */ = {
			isa = XCRemoteSwiftPackageReference;
			repositoryURL = "https://github.com/yaslab/ULID.swift";
			requirement = {
				kind = upToNextMajorVersion;
				minimumVersion = 1.3.0;
			};
		};
/* End XCRemoteSwiftPackageReference section */

/* Begin XCSwiftPackageProductDependency section */
		760E54732F09B47D0050F96A /* FirebaseAnalytics */ = {
			isa = XCSwiftPackageProductDependency;
			package = 760E54722F09B47D0050F96A /* XCRemoteSwiftPackageReference "firebase-ios-sdk" */;
			productName = FirebaseAnalytics;
		};
		760E54752F09B47D0050F96A /* FirebaseAnalyticsCore */ = {
			isa = XCSwiftPackageProductDependency;
			package = 760E54722F09B47D0050F96A /* XCRemoteSwiftPackageReference "firebase-ios-sdk" */;
			productName = FirebaseAnalyticsCore;
		};
		760E54772F09B47D0050F96A /* FirebaseAnalyticsIdentitySupport */ = {
			isa = XCSwiftPackageProductDependency;
			package = 760E54722F09B47D0050F96A /* XCRemoteSwiftPackageReference "firebase-ios-sdk" */;
			productName = FirebaseAnalyticsIdentitySupport;
		};
		760E54792F09B47D0050F96A /* FirebaseAuth */ = {
			isa = XCSwiftPackageProductDependency;
			package = 760E54722F09B47D0050F96A /* XCRemoteSwiftPackageReference "firebase-ios-sdk" */;
			productName = FirebaseAuth;
		};
		760E547B2F09B47D0050F96A /* FirebaseAuthCombine-Community */ = {
			isa = XCSwiftPackageProductDependency;
			package = 760E54722F09B47D0050F96A /* XCRemoteSwiftPackageReference "firebase-ios-sdk" */;
			productName = "FirebaseAuthCombine-Community";
		};
		760E547D2F09B47D0050F96A /* FirebaseDatabase */ = {
			isa = XCSwiftPackageProductDependency;
			package = 760E54722F09B47D0050F96A /* XCRemoteSwiftPackageReference "firebase-ios-sdk" */;
			productName = FirebaseDatabase;
		};
		760E547F2F09B47D0050F96A /* FirebaseFirestore */ = {
			isa = XCSwiftPackageProductDependency;
			package = 760E54722F09B47D0050F96A /* XCRemoteSwiftPackageReference "firebase-ios-sdk" */;
			productName = FirebaseFirestore;
		};
		760E54812F09B47D0050F96A /* FirebaseFirestoreCombine-Community */ = {
			isa = XCSwiftPackageProductDependency;
			package = 760E54722F09B47D0050F96A /* XCRemoteSwiftPackageReference "firebase-ios-sdk" */;
			productName = "FirebaseFirestoreCombine-Community";
		};
		760E54832F09B47D0050F96A /* FirebaseFunctions */ = {
			isa = XCSwiftPackageProductDependency;
			package = 760E54722F09B47D0050F96A /* XCRemoteSwiftPackageReference "firebase-ios-sdk" */;
			productName = FirebaseFunctions;
		};
		760E54852F09B47D0050F96A /* FirebaseFunctionsCombine-Community */ = {
			isa = XCSwiftPackageProductDependency;
			package = 760E54722F09B47D0050F96A /* XCRemoteSwiftPackageReference "firebase-ios-sdk" */;
			productName = "FirebaseFunctionsCombine-Community";
		};
		760E54872F09B47D0050F96A /* FirebaseStorage */ = {
			isa = XCSwiftPackageProductDependency;
			package = 760E54722F09B47D0050F96A /* XCRemoteSwiftPackageReference "firebase-ios-sdk" */;
			productName = FirebaseStorage;
		};
		760E54892F09B47D0050F96A /* FirebaseStorageCombine-Community */ = {
			isa = XCSwiftPackageProductDependency;
			package = 760E54722F09B47D0050F96A /* XCRemoteSwiftPackageReference "firebase-ios-sdk" */;
			productName = "FirebaseStorageCombine-Community";
		};
		760E548C2F0AC4B10050F96A /* GRDB */ = {
			isa = XCSwiftPackageProductDependency;
			package = 760E548B2F0AC4B10050F96A /* XCRemoteSwiftPackageReference "GRDB" */;
			productName = GRDB;
		};
		760E54912F0AC5430050F96A /* ULID */ = {
			isa = XCSwiftPackageProductDependency;
			package = 760E54902F0AC5430050F96A /* XCRemoteSwiftPackageReference "ULID" */;
			productName = ULID;
		};
/* End XCSwiftPackageProductDependency section */
	};
	rootObject = 760E542B2F0891410050F96A /* Project object */;
}
